
Microsoft Visual Studio Solution File, Format Version 12.00
# Visual Studio Version 17
VisualStudioVersion = 17.3.32922.545
MinimumVisualStudioVersion = 10.0.40219.1
Project("{9A19103F-16F7-4668-BE54-9A1E7A4F7556}") = "KampIntro", "KampIntro.csproj", "{FC9C9B69-2610-40FA-AD37-6D1E75CC3CE4}"
EndProject
Project("{9A19103F-16F7-4668-BE54-9A1E7A4F7556}") = "Donguler", "..\Donguler\Donguler.csproj", "{63F0D598-25D7-43C7-8066-35365AEC5181}"
EndProject
Project("{9A19103F-16F7-4668-BE54-9A1E7A4F7556}") = "ClassIntro", "..\ClassIntro\ClassIntro.csproj", "{899B35C2-2CAC-4201-93D3-BD4E73370C17}"
EndProject
Project("{9A19103F-16F7-4668-BE54-9A1E7A4F7556}") = "Methods", "..\Methods\Methods.csproj", "{A7E65A12-0DC2-4745-96A5-EFFF91623DA8}"
EndProject
Project("{9A19103F-16F7-4668-BE54-9A1E7A4F7556}") = "Maths", "..\Maths\Maths.csproj", "{9B864387-96C3-47F2-80E7-1CC5944971D7}"
EndProject
Project("{9A19103F-16F7-4668-BE54-9A1E7A4F7556}") = "ValueAndReferenceTypes", "..\ValueAndReferenceTypes\ValueAndReferenceTypes.csproj", "{CC1F3F44-A425-4AF0-8797-19ED89AE587C}"
EndProject
Project("{FAE04EC0-301F-11D3-BF4B-00C04F79EFBC}") = "OOP1", "..\OOP1\OOP1.csproj", "{68A6E3BD-DC1D-45B4-96B6-03FCFD78968F}"
EndProject
Project("{FAE04EC0-301F-11D3-BF4B-00C04F79EFBC}") = "Collections", "..\Collections\Collections.csproj", "{2BD45BE7-6877-48F9-9EA0-5F367F251442}"
EndProject
Project("{FAE04EC0-301F-11D3-BF4B-00C04F79EFBC}") = "GenericsIntro", "..\GenericsIntro\GenericsIntro.csproj", "{89DA8345-D79F-48A2-8765-9E1CD451861F}"
EndProject
Global
	GlobalSection(SolutionConfigurationPlatforms) = preSolution
		Debug|Any CPU = Debug|Any CPU
		Release|Any CPU = Release|Any CPU
	EndGlobalSection
	GlobalSection(ProjectConfigurationPlatforms) = postSolution
		{FC9C9B69-2610-40FA-AD37-6D1E75CC3CE4}.Debug|Any CPU.ActiveCfg = Debug|Any CPU
		{FC9C9B69-2610-40FA-AD37-6D1E75CC3CE4}.Debug|Any CPU.Build.0 = Debug|Any CPU
		{FC9C9B69-2610-40FA-AD37-6D1E75CC3CE4}.Release|Any CPU.ActiveCfg = Release|Any CPU
		{FC9C9B69-2610-40FA-AD37-6D1E75CC3CE4}.Release|Any CPU.Build.0 = Release|Any CPU
		{63F0D598-25D7-43C7-8066-35365AEC5181}.Debug|Any CPU.ActiveCfg = Debug|Any CPU
		{63F0D598-25D7-43C7-8066-35365AEC5181}.Debug|Any CPU.Build.0 = Debug|Any CPU
		{63F0D598-25D7-43C7-8066-35365AEC5181}.Release|Any CPU.ActiveCfg = Release|Any CPU
		{63F0D598-25D7-43C7-8066-35365AEC5181}.Release|Any CPU.Build.0 = Release|Any CPU
		{899B35C2-2CAC-4201-93D3-BD4E73370C17}.Debug|Any CPU.ActiveCfg = Debug|Any CPU
		{899B35C2-2CAC-4201-93D3-BD4E73370C17}.Debug|Any CPU.Build.0 = Debug|Any CPU
		{899B35C2-2CAC-4201-93D3-BD4E73370C17}.Release|Any CPU.ActiveCfg = Release|Any CPU
		{899B35C2-2CAC-4201-93D3-BD4E73370C17}.Release|Any CPU.Build.0 = Release|Any CPU
		{A7E65A12-0DC2-4745-96A5-EFFF91623DA8}.Debug|Any CPU.ActiveCfg = Debug|Any CPU
		{A7E65A12-0DC2-4745-96A5-EFFF91623DA8}.Debug|Any CPU.Build.0 = Debug|Any CPU
		{A7E65A12-0DC2-4745-96A5-EFFF91623DA8}.Release|Any CPU.ActiveCfg = Release|Any CPU
		{A7E65A12-0DC2-4745-96A5-EFFF91623DA8}.Release|Any CPU.Build.0 = Release|Any CPU
		{9B864387-96C3-47F2-80E7-1CC5944971D7}.Debug|Any CPU.ActiveCfg = Debug|Any CPU
		{9B864387-96C3-47F2-80E7-1CC5944971D7}.Debug|Any CPU.Build.0 = Debug|Any CPU
		{9B864387-96C3-47F2-80E7-1CC5944971D7}.Release|Any CPU.ActiveCfg = Release|Any CPU
		{9B864387-96C3-47F2-80E7-1CC5944971D7}.Release|Any CPU.Build.0 = Release|Any CPU
		{CC1F3F44-A425-4AF0-8797-19ED89AE587C}.Debug|Any CPU.ActiveCfg = Debug|Any CPU
		{CC1F3F44-A425-4AF0-8797-19ED89AE587C}.Debug|Any CPU.Build.0 = Debug|Any CPU
		{CC1F3F44-A425-4AF0-8797-19ED89AE587C}.Release|Any CPU.ActiveCfg = Release|Any CPU
		{CC1F3F44-A425-4AF0-8797-19ED89AE587C}.Release|Any CPU.Build.0 = Release|Any CPU
		{68A6E3BD-DC1D-45B4-96B6-03FCFD78968F}.Debug|Any CPU.ActiveCfg = Debug|Any CPU
		{68A6E3BD-DC1D-45B4-96B6-03FCFD78968F}.Debug|Any CPU.Build.0 = Debug|Any CPU
		{68A6E3BD-DC1D-45B4-96B6-03FCFD78968F}.Release|Any CPU.ActiveCfg = Release|Any CPU
		{68A6E3BD-DC1D-45B4-96B6-03FCFD78968F}.Release|Any CPU.Build.0 = Release|Any CPU
		{2BD45BE7-6877-48F9-9EA0-5F367F251442}.Debug|Any CPU.ActiveCfg = Debug|Any CPU
		{2BD45BE7-6877-48F9-9EA0-5F367F251442}.Debug|Any CPU.Build.0 = Debug|Any CPU
		{2BD45BE7-6877-48F9-9EA0-5F367F251442}.Release|Any CPU.ActiveCfg = Release|Any CPU
		{2BD45BE7-6877-48F9-9EA0-5F367F251442}.Release|Any CPU.Build.0 = Release|Any CPU
		{89DA8345-D79F-48A2-8765-9E1CD451861F}.Debug|Any CPU.ActiveCfg = Debug|Any CPU
		{89DA8345-D79F-48A2-8765-9E1CD451861F}.Debug|Any CPU.Build.0 = Debug|Any CPU
		{89DA8345-D79F-48A2-8765-9E1CD451861F}.Release|Any CPU.ActiveCfg = Release|Any CPU
		{89DA8345-D79F-48A2-8765-9E1CD451861F}.Release|Any CPU.Build.0 = Release|Any CPU
	EndGlobalSection
	GlobalSection(SolutionProperties) = preSolution
		HideSolutionNode = FALSE
	EndGlobalSection
	GlobalSection(ExtensibilityGlobals) = postSolution
		SolutionGuid = {B6F3D9EC-33FA-44F8-B462-A3E003FF1DC0}
	EndGlobalSection
EndGlobal
