
Microsoft Visual Studio Solution File, Format Version 12.00
# Visual Studio Version 17
VisualStudioVersion = 17.3.32922.545
MinimumVisualStudioVersion = 10.0.40219.1
Project("{9A19103F-16F7-4668-BE54-9A1E7A4F7556}") = "DataAccess", "DataAccess\DataAccess.csproj", "{6CA536E1-5A90-4CFA-892B-76B4800CF3A3}"
EndProject
Project("{9A19103F-16F7-4668-BE54-9A1E7A4F7556}") = "Business", "Business\Business.csproj", "{2789131D-D9A8-416C-A3E9-B2C656D18831}"
EndProject
Project("{9A19103F-16F7-4668-BE54-9A1E7A4F7556}") = "Entities", "Entities\Entities.csproj", "{075568D2-8F19-4A87-A30D-38BF0E82DE4B}"
EndProject
Project("{9A19103F-16F7-4668-BE54-9A1E7A4F7556}") = "ConsoleUI", "ConsoleUI\ConsoleUI.csproj", "{A59339C1-C647-459D-A491-295E016395BF}"
EndProject
Project("{9A19103F-16F7-4668-BE54-9A1E7A4F7556}") = "Core", "Core\Core.csproj", "{DB90CC79-ECCC-40BD-8C3C-6E7B842FB641}"
EndProject
Project("{FAE04EC0-301F-11D3-BF4B-00C04F79EFBC}") = "WebAPI", "WebAPI\WebAPI.csproj", "{5BFCFFBC-0B76-45A6-8199-CE77C1DB4955}"
EndProject
Global
	GlobalSection(SolutionConfigurationPlatforms) = preSolution
		Debug|Any CPU = Debug|Any CPU
		Release|Any CPU = Release|Any CPU
	EndGlobalSection
	GlobalSection(ProjectConfigurationPlatforms) = postSolution
		{6CA536E1-5A90-4CFA-892B-76B4800CF3A3}.Debug|Any CPU.ActiveCfg = Debug|Any CPU
		{6CA536E1-5A90-4CFA-892B-76B4800CF3A3}.Debug|Any CPU.Build.0 = Debug|Any CPU
		{6CA536E1-5A90-4CFA-892B-76B4800CF3A3}.Release|Any CPU.ActiveCfg = Release|Any CPU
		{6CA536E1-5A90-4CFA-892B-76B4800CF3A3}.Release|Any CPU.Build.0 = Release|Any CPU
		{2789131D-D9A8-416C-A3E9-B2C656D18831}.Debug|Any CPU.ActiveCfg = Debug|Any CPU
		{2789131D-D9A8-416C-A3E9-B2C656D18831}.Debug|Any CPU.Build.0 = Debug|Any CPU
		{2789131D-D9A8-416C-A3E9-B2C656D18831}.Release|Any CPU.ActiveCfg = Release|Any CPU
		{2789131D-D9A8-416C-A3E9-B2C656D18831}.Release|Any CPU.Build.0 = Release|Any CPU
		{075568D2-8F19-4A87-A30D-38BF0E82DE4B}.Debug|Any CPU.ActiveCfg = Debug|Any CPU
		{075568D2-8F19-4A87-A30D-38BF0E82DE4B}.Debug|Any CPU.Build.0 = Debug|Any CPU
		{075568D2-8F19-4A87-A30D-38BF0E82DE4B}.Release|Any CPU.ActiveCfg = Release|Any CPU
		{075568D2-8F19-4A87-A30D-38BF0E82DE4B}.Release|Any CPU.Build.0 = Release|Any CPU
		{A59339C1-C647-459D-A491-295E016395BF}.Debug|Any CPU.ActiveCfg = Debug|Any CPU
		{A59339C1-C647-459D-A491-295E016395BF}.Debug|Any CPU.Build.0 = Debug|Any CPU
		{A59339C1-C647-459D-A491-295E016395BF}.Release|Any CPU.ActiveCfg = Release|Any CPU
		{A59339C1-C647-459D-A491-295E016395BF}.Release|Any CPU.Build.0 = Release|Any CPU
		{DB90CC79-ECCC-40BD-8C3C-6E7B842FB641}.Debug|Any CPU.ActiveCfg = Debug|Any CPU
		{DB90CC79-ECCC-40BD-8C3C-6E7B842FB641}.Debug|Any CPU.Build.0 = Debug|Any CPU
		{DB90CC79-ECCC-40BD-8C3C-6E7B842FB641}.Release|Any CPU.ActiveCfg = Release|Any CPU
		{DB90CC79-ECCC-40BD-8C3C-6E7B842FB641}.Release|Any CPU.Build.0 = Release|Any CPU
		{5BFCFFBC-0B76-45A6-8199-CE77C1DB4955}.Debug|Any CPU.ActiveCfg = Debug|Any CPU
		{5BFCFFBC-0B76-45A6-8199-CE77C1DB4955}.Debug|Any CPU.Build.0 = Debug|Any CPU
		{5BFCFFBC-0B76-45A6-8199-CE77C1DB4955}.Release|Any CPU.ActiveCfg = Release|Any CPU
		{5BFCFFBC-0B76-45A6-8199-CE77C1DB4955}.Release|Any CPU.Build.0 = Release|Any CPU
	EndGlobalSection
	GlobalSection(SolutionProperties) = preSolution
		HideSolutionNode = FALSE
	EndGlobalSection
	GlobalSection(ExtensibilityGlobals) = postSolution
		SolutionGuid = {134D70E0-09E3-4039-8AF7-F9F6178BDACF}
	EndGlobalSection
EndGlobal
